
Microsoft Visual Studio Solution File, Format Version 12.00
# Visual Studio Version 17
VisualStudioVersion = 17.7.34018.315
MinimumVisualStudioVersion = 10.0.40219.1
Project("{9A19103F-16F7-4668-BE54-9A1E7A4F7556}") = "YourPet.Data", "YourPet.Data\YourPet.Data.csproj", "{379031BA-FAAA-4665-AB31-21298C47DFF4}"
EndProject
Project("{9A19103F-16F7-4668-BE54-9A1E7A4F7556}") = "YourPet.Domain", "YourPet.Domain\YourPet.Domain.csproj", "{5B203F62-8C7D-4E11-80A4-4642BD97DD47}"
EndProject
Project("{9A19103F-16F7-4668-BE54-9A1E7A4F7556}") = "YourPet.Contracts", "YourPet.Contracts\YourPet.Contracts.csproj", "{46EC6BDF-D37F-44F5-8008-16E952A65CA5}"
EndProject
Project("{9A19103F-16F7-4668-BE54-9A1E7A4F7556}") = "YourPet.Data.Contracts", "YourPet.Data.Contracts\YourPet.Data.Contracts.csproj", "{CBE0D12A-735D-496B-8B0C-D6575AB60DBC}"
EndProject
Project("{9A19103F-16F7-4668-BE54-9A1E7A4F7556}") = "YourPet.NpgsqlEFCore", "YourPet.Data.NpgsqlEFCore\YourPet.NpgsqlEFCore.csproj", "{2052406A-A9A1-4A3D-B4EF-F0714E96C3B1}"
EndProject
Project("{9A19103F-16F7-4668-BE54-9A1E7A4F7556}") = "YourPet.Data.Postgres", "YourPet.Data.Postgres\YourPet.Data.Postgres.csproj", "{E95246EE-88D0-480B-9E55-DCF4F324759A}"
EndProject
Project("{9A19103F-16F7-4668-BE54-9A1E7A4F7556}") = "YourPet.ApiHost", "YourPet.ApiHost\YourPet.ApiHost.csproj", "{44B29982-E842-4D31-85B6-5A93B830AF26}"
EndProject
Global
	GlobalSection(SolutionConfigurationPlatforms) = preSolution
		Debug|Any CPU = Debug|Any CPU
		Release|Any CPU = Release|Any CPU
	EndGlobalSection
	GlobalSection(ProjectConfigurationPlatforms) = postSolution
		{379031BA-FAAA-4665-AB31-21298C47DFF4}.Debug|Any CPU.ActiveCfg = Debug|Any CPU
		{379031BA-FAAA-4665-AB31-21298C47DFF4}.Debug|Any CPU.Build.0 = Debug|Any CPU
		{379031BA-FAAA-4665-AB31-21298C47DFF4}.Release|Any CPU.ActiveCfg = Release|Any CPU
		{379031BA-FAAA-4665-AB31-21298C47DFF4}.Release|Any CPU.Build.0 = Release|Any CPU
		{5B203F62-8C7D-4E11-80A4-4642BD97DD47}.Debug|Any CPU.ActiveCfg = Debug|Any CPU
		{5B203F62-8C7D-4E11-80A4-4642BD97DD47}.Debug|Any CPU.Build.0 = Debug|Any CPU
		{5B203F62-8C7D-4E11-80A4-4642BD97DD47}.Release|Any CPU.ActiveCfg = Release|Any CPU
		{5B203F62-8C7D-4E11-80A4-4642BD97DD47}.Release|Any CPU.Build.0 = Release|Any CPU
		{46EC6BDF-D37F-44F5-8008-16E952A65CA5}.Debug|Any CPU.ActiveCfg = Debug|Any CPU
		{46EC6BDF-D37F-44F5-8008-16E952A65CA5}.Debug|Any CPU.Build.0 = Debug|Any CPU
		{46EC6BDF-D37F-44F5-8008-16E952A65CA5}.Release|Any CPU.ActiveCfg = Release|Any CPU
		{46EC6BDF-D37F-44F5-8008-16E952A65CA5}.Release|Any CPU.Build.0 = Release|Any CPU
		{CBE0D12A-735D-496B-8B0C-D6575AB60DBC}.Debug|Any CPU.ActiveCfg = Debug|Any CPU
		{CBE0D12A-735D-496B-8B0C-D6575AB60DBC}.Debug|Any CPU.Build.0 = Debug|Any CPU
		{CBE0D12A-735D-496B-8B0C-D6575AB60DBC}.Release|Any CPU.ActiveCfg = Release|Any CPU
		{CBE0D12A-735D-496B-8B0C-D6575AB60DBC}.Release|Any CPU.Build.0 = Release|Any CPU
		{2052406A-A9A1-4A3D-B4EF-F0714E96C3B1}.Debug|Any CPU.ActiveCfg = Debug|Any CPU
		{2052406A-A9A1-4A3D-B4EF-F0714E96C3B1}.Debug|Any CPU.Build.0 = Debug|Any CPU
		{2052406A-A9A1-4A3D-B4EF-F0714E96C3B1}.Release|Any CPU.ActiveCfg = Release|Any CPU
		{2052406A-A9A1-4A3D-B4EF-F0714E96C3B1}.Release|Any CPU.Build.0 = Release|Any CPU
		{E95246EE-88D0-480B-9E55-DCF4F324759A}.Debug|Any CPU.ActiveCfg = Debug|Any CPU
		{E95246EE-88D0-480B-9E55-DCF4F324759A}.Debug|Any CPU.Build.0 = Debug|Any CPU
		{E95246EE-88D0-480B-9E55-DCF4F324759A}.Release|Any CPU.ActiveCfg = Release|Any CPU
		{E95246EE-88D0-480B-9E55-DCF4F324759A}.Release|Any CPU.Build.0 = Release|Any CPU
		{44B29982-E842-4D31-85B6-5A93B830AF26}.Debug|Any CPU.ActiveCfg = Debug|Any CPU
		{44B29982-E842-4D31-85B6-5A93B830AF26}.Debug|Any CPU.Build.0 = Debug|Any CPU
		{44B29982-E842-4D31-85B6-5A93B830AF26}.Release|Any CPU.ActiveCfg = Release|Any CPU
		{44B29982-E842-4D31-85B6-5A93B830AF26}.Release|Any CPU.Build.0 = Release|Any CPU
	EndGlobalSection
	GlobalSection(SolutionProperties) = preSolution
		HideSolutionNode = FALSE
	EndGlobalSection
	GlobalSection(ExtensibilityGlobals) = postSolution
		SolutionGuid = {E05306BF-5687-447E-950C-610952F5A2EF}
	EndGlobalSection
EndGlobal
